
Microsoft Visual Studio Solution File, Format Version 12.00
# Visual Studio Version 16
VisualStudioVersion = 16.0.31205.134
MinimumVisualStudioVersion = 10.0.40219.1
Project("{9A19103F-16F7-4668-BE54-9A1E7A4F7556}") = "Reminder.Storage.Core", "Reminder.Storage.Core\Reminder.Storage.Core.csproj", "{C65534AC-2A7F-40FD-95CB-A0EC2C8AF934}"
EndProject
Project("{9A19103F-16F7-4668-BE54-9A1E7A4F7556}") = "Reminder.Storage.InMemory", "Reminder.Storage.InMemory\Reminder.Storage.InMemory.csproj", "{3BCBFDA4-9A24-4C59-9A44-9F3A4EB816F4}"
EndProject
Project("{FAE04EC0-301F-11D3-BF4B-00C04F79EFBC}") = "Reminder.Storage.Core.Tests", "Reminder.Storage.Core.Tests\Reminder.Storage.Core.Tests.csproj", "{9FC9B734-0470-42AF-B398-0AC7DFB97262}"
EndProject
Project("{FAE04EC0-301F-11D3-BF4B-00C04F79EFBC}") = "Reminder.Storage.InMemory.Tests", "Reminder.Storage.InMemory.Tests\Reminder.Storage.InMemory.Tests.csproj", "{510416C1-C3B2-4B61-ACB4-BB781D2AC78F}"
EndProject
Global
	GlobalSection(SolutionConfigurationPlatforms) = preSolution
		Debug|Any CPU = Debug|Any CPU
		Release|Any CPU = Release|Any CPU
	EndGlobalSection
	GlobalSection(ProjectConfigurationPlatforms) = postSolution
		{C65534AC-2A7F-40FD-95CB-A0EC2C8AF934}.Debug|Any CPU.ActiveCfg = Debug|Any CPU
		{C65534AC-2A7F-40FD-95CB-A0EC2C8AF934}.Debug|Any CPU.Build.0 = Debug|Any CPU
		{C65534AC-2A7F-40FD-95CB-A0EC2C8AF934}.Release|Any CPU.ActiveCfg = Release|Any CPU
		{C65534AC-2A7F-40FD-95CB-A0EC2C8AF934}.Release|Any CPU.Build.0 = Release|Any CPU
		{3BCBFDA4-9A24-4C59-9A44-9F3A4EB816F4}.Debug|Any CPU.ActiveCfg = Debug|Any CPU
		{3BCBFDA4-9A24-4C59-9A44-9F3A4EB816F4}.Debug|Any CPU.Build.0 = Debug|Any CPU
		{3BCBFDA4-9A24-4C59-9A44-9F3A4EB816F4}.Release|Any CPU.ActiveCfg = Release|Any CPU
		{3BCBFDA4-9A24-4C59-9A44-9F3A4EB816F4}.Release|Any CPU.Build.0 = Release|Any CPU
		{9FC9B734-0470-42AF-B398-0AC7DFB97262}.Debug|Any CPU.ActiveCfg = Debug|Any CPU
		{9FC9B734-0470-42AF-B398-0AC7DFB97262}.Debug|Any CPU.Build.0 = Debug|Any CPU
		{9FC9B734-0470-42AF-B398-0AC7DFB97262}.Release|Any CPU.ActiveCfg = Release|Any CPU
		{9FC9B734-0470-42AF-B398-0AC7DFB97262}.Release|Any CPU.Build.0 = Release|Any CPU
		{510416C1-C3B2-4B61-ACB4-BB781D2AC78F}.Debug|Any CPU.ActiveCfg = Debug|Any CPU
		{510416C1-C3B2-4B61-ACB4-BB781D2AC78F}.Debug|Any CPU.Build.0 = Debug|Any CPU
		{510416C1-C3B2-4B61-ACB4-BB781D2AC78F}.Release|Any CPU.ActiveCfg = Release|Any CPU
		{510416C1-C3B2-4B61-ACB4-BB781D2AC78F}.Release|Any CPU.Build.0 = Release|Any CPU
	EndGlobalSection
	GlobalSection(SolutionProperties) = preSolution
		HideSolutionNode = FALSE
	EndGlobalSection
	GlobalSection(ExtensibilityGlobals) = postSolution
		SolutionGuid = {3FBCC9BA-CF04-454F-922E-70857BCACC9D}
	EndGlobalSection
EndGlobal
