
Microsoft Visual Studio Solution File, Format Version 12.00
# Visual Studio Version 16
VisualStudioVersion = 16.0.31205.134
MinimumVisualStudioVersion = 10.0.40219.1
Project("{FAE04EC0-301F-11D3-BF4B-00C04F79EFBC}") = "ClassWork", "ClassWork\ClassWork.csproj", "{AB5A399B-3375-4369-9509-A8696888F0B1}"
EndProject
Project("{FAE04EC0-301F-11D3-BF4B-00C04F79EFBC}") = "Interface", "Interface\Interface.csproj", "{1581215C-B2AB-40F9-A024-0278B870B29B}"
EndProject
Project("{FAE04EC0-301F-11D3-BF4B-00C04F79EFBC}") = "Interface_default", "Interface_default\Interface_default.csproj", "{84BF66FE-2C73-4523-94D3-BCCDF2C1FA9C}"
EndProject
Global
	GlobalSection(SolutionConfigurationPlatforms) = preSolution
		Debug|Any CPU = Debug|Any CPU
		Release|Any CPU = Release|Any CPU
	EndGlobalSection
	GlobalSection(ProjectConfigurationPlatforms) = postSolution
		{AB5A399B-3375-4369-9509-A8696888F0B1}.Debug|Any CPU.ActiveCfg = Debug|Any CPU
		{AB5A399B-3375-4369-9509-A8696888F0B1}.Debug|Any CPU.Build.0 = Debug|Any CPU
		{AB5A399B-3375-4369-9509-A8696888F0B1}.Release|Any CPU.ActiveCfg = Release|Any CPU
		{AB5A399B-3375-4369-9509-A8696888F0B1}.Release|Any CPU.Build.0 = Release|Any CPU
		{1581215C-B2AB-40F9-A024-0278B870B29B}.Debug|Any CPU.ActiveCfg = Debug|Any CPU
		{1581215C-B2AB-40F9-A024-0278B870B29B}.Debug|Any CPU.Build.0 = Debug|Any CPU
		{1581215C-B2AB-40F9-A024-0278B870B29B}.Release|Any CPU.ActiveCfg = Release|Any CPU
		{1581215C-B2AB-40F9-A024-0278B870B29B}.Release|Any CPU.Build.0 = Release|Any CPU
		{84BF66FE-2C73-4523-94D3-BCCDF2C1FA9C}.Debug|Any CPU.ActiveCfg = Debug|Any CPU
		{84BF66FE-2C73-4523-94D3-BCCDF2C1FA9C}.Debug|Any CPU.Build.0 = Debug|Any CPU
		{84BF66FE-2C73-4523-94D3-BCCDF2C1FA9C}.Release|Any CPU.ActiveCfg = Release|Any CPU
		{84BF66FE-2C73-4523-94D3-BCCDF2C1FA9C}.Release|Any CPU.Build.0 = Release|Any CPU
	EndGlobalSection
	GlobalSection(SolutionProperties) = preSolution
		HideSolutionNode = FALSE
	EndGlobalSection
	GlobalSection(ExtensibilityGlobals) = postSolution
		SolutionGuid = {7E2E4F74-BF14-4BE9-A826-E38B531C52D9}
	EndGlobalSection
EndGlobal
