
Microsoft Visual Studio Solution File, Format Version 12.00
# Visual Studio Version 16
VisualStudioVersion = 16.0.31205.134
MinimumVisualStudioVersion = 10.0.40219.1
Project("{FAE04EC0-301F-11D3-BF4B-00C04F79EFBC}") = "Generic_methods", "CLassWork\Generic_methods.csproj", "{8604057F-22E2-4CE8-B267-50EC7F14DE12}"
EndProject
Project("{FAE04EC0-301F-11D3-BF4B-00C04F79EFBC}") = "Account_task", "Account_task\Account_task.csproj", "{6A8B10FA-CEA4-4AE0-A240-8B45FA271CC5}"
EndProject
Project("{FAE04EC0-301F-11D3-BF4B-00C04F79EFBC}") = "Delegate_demo", "Delegate_demo\Delegate_demo.csproj", "{11D6BB7F-F03F-4BF8-9722-1E747F65DEA2}"
EndProject
Global
	GlobalSection(SolutionConfigurationPlatforms) = preSolution
		Debug|Any CPU = Debug|Any CPU
		Release|Any CPU = Release|Any CPU
	EndGlobalSection
	GlobalSection(ProjectConfigurationPlatforms) = postSolution
		{8604057F-22E2-4CE8-B267-50EC7F14DE12}.Debug|Any CPU.ActiveCfg = Debug|Any CPU
		{8604057F-22E2-4CE8-B267-50EC7F14DE12}.Debug|Any CPU.Build.0 = Debug|Any CPU
		{8604057F-22E2-4CE8-B267-50EC7F14DE12}.Release|Any CPU.ActiveCfg = Release|Any CPU
		{8604057F-22E2-4CE8-B267-50EC7F14DE12}.Release|Any CPU.Build.0 = Release|Any CPU
		{6A8B10FA-CEA4-4AE0-A240-8B45FA271CC5}.Debug|Any CPU.ActiveCfg = Debug|Any CPU
		{6A8B10FA-CEA4-4AE0-A240-8B45FA271CC5}.Debug|Any CPU.Build.0 = Debug|Any CPU
		{6A8B10FA-CEA4-4AE0-A240-8B45FA271CC5}.Release|Any CPU.ActiveCfg = Release|Any CPU
		{6A8B10FA-CEA4-4AE0-A240-8B45FA271CC5}.Release|Any CPU.Build.0 = Release|Any CPU
		{11D6BB7F-F03F-4BF8-9722-1E747F65DEA2}.Debug|Any CPU.ActiveCfg = Debug|Any CPU
		{11D6BB7F-F03F-4BF8-9722-1E747F65DEA2}.Debug|Any CPU.Build.0 = Debug|Any CPU
		{11D6BB7F-F03F-4BF8-9722-1E747F65DEA2}.Release|Any CPU.ActiveCfg = Release|Any CPU
		{11D6BB7F-F03F-4BF8-9722-1E747F65DEA2}.Release|Any CPU.Build.0 = Release|Any CPU
	EndGlobalSection
	GlobalSection(SolutionProperties) = preSolution
		HideSolutionNode = FALSE
	EndGlobalSection
	GlobalSection(ExtensibilityGlobals) = postSolution
		SolutionGuid = {0AC8377F-1F0D-444B-B06C-B13707F150F0}
	EndGlobalSection
EndGlobal
