
Microsoft Visual Studio Solution File, Format Version 12.00
# Visual Studio Version 16
VisualStudioVersion = 16.0.31205.134
MinimumVisualStudioVersion = 10.0.40219.1
Project("{9A19103F-16F7-4668-BE54-9A1E7A4F7556}") = "ClassWork", "ClassWork\ClassWork.csproj", "{A531D296-76F5-4C95-BD12-6D15B5C1B9A7}"
EndProject
Project("{FAE04EC0-301F-11D3-BF4B-00C04F79EFBC}") = "PersonProj", "PersonProj\PersonProj.csproj", "{E19FE668-6C0C-4FEB-8F20-F83752F7B9F8}"
EndProject
Project("{FAE04EC0-301F-11D3-BF4B-00C04F79EFBC}") = "partial_classes", "partial_classes\partial_classes.csproj", "{A1EFA523-82E8-40F8-866B-CEEE54F763D9}"
EndProject
Project("{FAE04EC0-301F-11D3-BF4B-00C04F79EFBC}") = "factory", "factory\factory.csproj", "{CA541A17-0A62-42EA-B504-9C45C013C8CA}"
EndProject
Project("{FAE04EC0-301F-11D3-BF4B-00C04F79EFBC}") = "PhoneBook", "PhoneBook\PhoneBook.csproj", "{3E8E9F98-1940-458E-B6E8-6BBAB925C5B1}"
EndProject
Global
	GlobalSection(SolutionConfigurationPlatforms) = preSolution
		Debug|Any CPU = Debug|Any CPU
		Release|Any CPU = Release|Any CPU
	EndGlobalSection
	GlobalSection(ProjectConfigurationPlatforms) = postSolution
		{A531D296-76F5-4C95-BD12-6D15B5C1B9A7}.Debug|Any CPU.ActiveCfg = Debug|Any CPU
		{A531D296-76F5-4C95-BD12-6D15B5C1B9A7}.Debug|Any CPU.Build.0 = Debug|Any CPU
		{A531D296-76F5-4C95-BD12-6D15B5C1B9A7}.Release|Any CPU.ActiveCfg = Release|Any CPU
		{A531D296-76F5-4C95-BD12-6D15B5C1B9A7}.Release|Any CPU.Build.0 = Release|Any CPU
		{E19FE668-6C0C-4FEB-8F20-F83752F7B9F8}.Debug|Any CPU.ActiveCfg = Debug|Any CPU
		{E19FE668-6C0C-4FEB-8F20-F83752F7B9F8}.Debug|Any CPU.Build.0 = Debug|Any CPU
		{E19FE668-6C0C-4FEB-8F20-F83752F7B9F8}.Release|Any CPU.ActiveCfg = Release|Any CPU
		{E19FE668-6C0C-4FEB-8F20-F83752F7B9F8}.Release|Any CPU.Build.0 = Release|Any CPU
		{A1EFA523-82E8-40F8-866B-CEEE54F763D9}.Debug|Any CPU.ActiveCfg = Debug|Any CPU
		{A1EFA523-82E8-40F8-866B-CEEE54F763D9}.Debug|Any CPU.Build.0 = Debug|Any CPU
		{A1EFA523-82E8-40F8-866B-CEEE54F763D9}.Release|Any CPU.ActiveCfg = Release|Any CPU
		{A1EFA523-82E8-40F8-866B-CEEE54F763D9}.Release|Any CPU.Build.0 = Release|Any CPU
		{CA541A17-0A62-42EA-B504-9C45C013C8CA}.Debug|Any CPU.ActiveCfg = Debug|Any CPU
		{CA541A17-0A62-42EA-B504-9C45C013C8CA}.Debug|Any CPU.Build.0 = Debug|Any CPU
		{CA541A17-0A62-42EA-B504-9C45C013C8CA}.Release|Any CPU.ActiveCfg = Release|Any CPU
		{CA541A17-0A62-42EA-B504-9C45C013C8CA}.Release|Any CPU.Build.0 = Release|Any CPU
		{3E8E9F98-1940-458E-B6E8-6BBAB925C5B1}.Debug|Any CPU.ActiveCfg = Debug|Any CPU
		{3E8E9F98-1940-458E-B6E8-6BBAB925C5B1}.Debug|Any CPU.Build.0 = Debug|Any CPU
		{3E8E9F98-1940-458E-B6E8-6BBAB925C5B1}.Release|Any CPU.ActiveCfg = Release|Any CPU
		{3E8E9F98-1940-458E-B6E8-6BBAB925C5B1}.Release|Any CPU.Build.0 = Release|Any CPU
	EndGlobalSection
	GlobalSection(SolutionProperties) = preSolution
		HideSolutionNode = FALSE
	EndGlobalSection
	GlobalSection(ExtensibilityGlobals) = postSolution
		SolutionGuid = {A0B00265-E950-44F7-8792-9A49CD2F88C1}
	EndGlobalSection
EndGlobal
