
Microsoft Visual Studio Solution File, Format Version 12.00
# Visual Studio Version 16
VisualStudioVersion = 16.0.31205.134
MinimumVisualStudioVersion = 10.0.40219.1
Project("{FAE04EC0-301F-11D3-BF4B-00C04F79EFBC}") = "ConsoleApp1", "ConsoleApp1\ConsoleApp1.csproj", "{5E295ABE-D3B2-4721-B736-96A7BF8AA7BD}"
EndProject
Project("{FAE04EC0-301F-11D3-BF4B-00C04F79EFBC}") = "Pet_class", "Pet class\Pet_class.csproj", "{F382FEAF-0A0E-4055-937E-BF3B49F9E206}"
EndProject
Project("{FAE04EC0-301F-11D3-BF4B-00C04F79EFBC}") = "Lesson10_Files", "Lesson10_Files\Lesson10_Files.csproj", "{B365B810-DF1A-4B15-A128-C73E00259F25}"
EndProject
Global
	GlobalSection(SolutionConfigurationPlatforms) = preSolution
		Debug|Any CPU = Debug|Any CPU
		Release|Any CPU = Release|Any CPU
	EndGlobalSection
	GlobalSection(ProjectConfigurationPlatforms) = postSolution
		{5E295ABE-D3B2-4721-B736-96A7BF8AA7BD}.Debug|Any CPU.ActiveCfg = Debug|Any CPU
		{5E295ABE-D3B2-4721-B736-96A7BF8AA7BD}.Debug|Any CPU.Build.0 = Debug|Any CPU
		{5E295ABE-D3B2-4721-B736-96A7BF8AA7BD}.Release|Any CPU.ActiveCfg = Release|Any CPU
		{5E295ABE-D3B2-4721-B736-96A7BF8AA7BD}.Release|Any CPU.Build.0 = Release|Any CPU
		{F382FEAF-0A0E-4055-937E-BF3B49F9E206}.Debug|Any CPU.ActiveCfg = Debug|Any CPU
		{F382FEAF-0A0E-4055-937E-BF3B49F9E206}.Debug|Any CPU.Build.0 = Debug|Any CPU
		{F382FEAF-0A0E-4055-937E-BF3B49F9E206}.Release|Any CPU.ActiveCfg = Release|Any CPU
		{F382FEAF-0A0E-4055-937E-BF3B49F9E206}.Release|Any CPU.Build.0 = Release|Any CPU
		{B365B810-DF1A-4B15-A128-C73E00259F25}.Debug|Any CPU.ActiveCfg = Debug|Any CPU
		{B365B810-DF1A-4B15-A128-C73E00259F25}.Debug|Any CPU.Build.0 = Debug|Any CPU
		{B365B810-DF1A-4B15-A128-C73E00259F25}.Release|Any CPU.ActiveCfg = Release|Any CPU
		{B365B810-DF1A-4B15-A128-C73E00259F25}.Release|Any CPU.Build.0 = Release|Any CPU
	EndGlobalSection
	GlobalSection(SolutionProperties) = preSolution
		HideSolutionNode = FALSE
	EndGlobalSection
	GlobalSection(ExtensibilityGlobals) = postSolution
		SolutionGuid = {FE23F82E-A0ED-4F69-95B2-FD227B5D0021}
	EndGlobalSection
EndGlobal
