
Microsoft Visual Studio Solution File, Format Version 12.00
# Visual Studio Version 16
VisualStudioVersion = 16.0.31205.134
MinimumVisualStudioVersion = 10.0.40219.1
Project("{FAE04EC0-301F-11D3-BF4B-00C04F79EFBC}") = "ClassWork", "ClassWork\ClassWork.csproj", "{2B69CB31-B0BD-4CBF-B57C-8B3A24BC5A6E}"
EndProject
Project("{FAE04EC0-301F-11D3-BF4B-00C04F79EFBC}") = "01_arithmetic_operators", "01_arithmetic_operators\01_arithmetic_operators.csproj", "{4DDC6503-4900-4324-B772-C8B7B5796859}"
EndProject
Project("{FAE04EC0-301F-11D3-BF4B-00C04F79EFBC}") = "02_inc_dec", "02_inc_dec\02_inc_dec.csproj", "{2F728FD5-D8E9-4E3F-82B0-6CD64F395297}"
EndProject
Project("{FAE04EC0-301F-11D3-BF4B-00C04F79EFBC}") = "03_comparison", "03_comparison\03_comparison.csproj", "{ED234B42-AF60-4FF6-ADDA-021B2EF35584}"
EndProject
Project("{FAE04EC0-301F-11D3-BF4B-00C04F79EFBC}") = "04_implicit_explixcit_casting", "04_implicit_explixcit_casting\04_implicit_explixcit_casting.csproj", "{90E22EFC-F40F-4AEA-A85A-8FD02A419386}"
EndProject
Project("{FAE04EC0-301F-11D3-BF4B-00C04F79EFBC}") = "05_rounding", "05_rounding\05_rounding.csproj", "{52831FA1-0B63-4A03-B0A8-C947601C066F}"
EndProject
Project("{FAE04EC0-301F-11D3-BF4B-00C04F79EFBC}") = "06_complex_expressions", "06_complex_expressions\06_complex_expressions.csproj", "{C2DF9157-AC8B-4C3A-AB68-204AA2B1D1A5}"
EndProject
Project("{FAE04EC0-301F-11D3-BF4B-00C04F79EFBC}") = "07_enum", "07_enum\07_enum.csproj", "{BB758975-D3D1-4675-A372-5FB9E344602F}"
EndProject
Project("{FAE04EC0-301F-11D3-BF4B-00C04F79EFBC}") = "08_Enum_Flags", "08_Enum_Flags\08_Enum_Flags.csproj", "{4562FD2C-5AC8-47A9-A146-D944D9A3E042}"
EndProject
Project("{FAE04EC0-301F-11D3-BF4B-00C04F79EFBC}") = "09_Colors Example", "09_Colors Example\09_Colors Example.csproj", "{38801DB0-25E1-4D0F-8403-E43DD6BC9B46}"
EndProject
Global
	GlobalSection(SolutionConfigurationPlatforms) = preSolution
		Debug|Any CPU = Debug|Any CPU
		Release|Any CPU = Release|Any CPU
	EndGlobalSection
	GlobalSection(ProjectConfigurationPlatforms) = postSolution
		{2B69CB31-B0BD-4CBF-B57C-8B3A24BC5A6E}.Debug|Any CPU.ActiveCfg = Debug|Any CPU
		{2B69CB31-B0BD-4CBF-B57C-8B3A24BC5A6E}.Debug|Any CPU.Build.0 = Debug|Any CPU
		{2B69CB31-B0BD-4CBF-B57C-8B3A24BC5A6E}.Release|Any CPU.ActiveCfg = Release|Any CPU
		{2B69CB31-B0BD-4CBF-B57C-8B3A24BC5A6E}.Release|Any CPU.Build.0 = Release|Any CPU
		{4DDC6503-4900-4324-B772-C8B7B5796859}.Debug|Any CPU.ActiveCfg = Debug|Any CPU
		{4DDC6503-4900-4324-B772-C8B7B5796859}.Debug|Any CPU.Build.0 = Debug|Any CPU
		{4DDC6503-4900-4324-B772-C8B7B5796859}.Release|Any CPU.ActiveCfg = Release|Any CPU
		{4DDC6503-4900-4324-B772-C8B7B5796859}.Release|Any CPU.Build.0 = Release|Any CPU
		{2F728FD5-D8E9-4E3F-82B0-6CD64F395297}.Debug|Any CPU.ActiveCfg = Debug|Any CPU
		{2F728FD5-D8E9-4E3F-82B0-6CD64F395297}.Debug|Any CPU.Build.0 = Debug|Any CPU
		{2F728FD5-D8E9-4E3F-82B0-6CD64F395297}.Release|Any CPU.ActiveCfg = Release|Any CPU
		{2F728FD5-D8E9-4E3F-82B0-6CD64F395297}.Release|Any CPU.Build.0 = Release|Any CPU
		{ED234B42-AF60-4FF6-ADDA-021B2EF35584}.Debug|Any CPU.ActiveCfg = Debug|Any CPU
		{ED234B42-AF60-4FF6-ADDA-021B2EF35584}.Debug|Any CPU.Build.0 = Debug|Any CPU
		{ED234B42-AF60-4FF6-ADDA-021B2EF35584}.Release|Any CPU.ActiveCfg = Release|Any CPU
		{ED234B42-AF60-4FF6-ADDA-021B2EF35584}.Release|Any CPU.Build.0 = Release|Any CPU
		{90E22EFC-F40F-4AEA-A85A-8FD02A419386}.Debug|Any CPU.ActiveCfg = Debug|Any CPU
		{90E22EFC-F40F-4AEA-A85A-8FD02A419386}.Debug|Any CPU.Build.0 = Debug|Any CPU
		{90E22EFC-F40F-4AEA-A85A-8FD02A419386}.Release|Any CPU.ActiveCfg = Release|Any CPU
		{90E22EFC-F40F-4AEA-A85A-8FD02A419386}.Release|Any CPU.Build.0 = Release|Any CPU
		{52831FA1-0B63-4A03-B0A8-C947601C066F}.Debug|Any CPU.ActiveCfg = Debug|Any CPU
		{52831FA1-0B63-4A03-B0A8-C947601C066F}.Debug|Any CPU.Build.0 = Debug|Any CPU
		{52831FA1-0B63-4A03-B0A8-C947601C066F}.Release|Any CPU.ActiveCfg = Release|Any CPU
		{52831FA1-0B63-4A03-B0A8-C947601C066F}.Release|Any CPU.Build.0 = Release|Any CPU
		{C2DF9157-AC8B-4C3A-AB68-204AA2B1D1A5}.Debug|Any CPU.ActiveCfg = Debug|Any CPU
		{C2DF9157-AC8B-4C3A-AB68-204AA2B1D1A5}.Debug|Any CPU.Build.0 = Debug|Any CPU
		{C2DF9157-AC8B-4C3A-AB68-204AA2B1D1A5}.Release|Any CPU.ActiveCfg = Release|Any CPU
		{C2DF9157-AC8B-4C3A-AB68-204AA2B1D1A5}.Release|Any CPU.Build.0 = Release|Any CPU
		{BB758975-D3D1-4675-A372-5FB9E344602F}.Debug|Any CPU.ActiveCfg = Debug|Any CPU
		{BB758975-D3D1-4675-A372-5FB9E344602F}.Debug|Any CPU.Build.0 = Debug|Any CPU
		{BB758975-D3D1-4675-A372-5FB9E344602F}.Release|Any CPU.ActiveCfg = Release|Any CPU
		{BB758975-D3D1-4675-A372-5FB9E344602F}.Release|Any CPU.Build.0 = Release|Any CPU
		{4562FD2C-5AC8-47A9-A146-D944D9A3E042}.Debug|Any CPU.ActiveCfg = Debug|Any CPU
		{4562FD2C-5AC8-47A9-A146-D944D9A3E042}.Debug|Any CPU.Build.0 = Debug|Any CPU
		{4562FD2C-5AC8-47A9-A146-D944D9A3E042}.Release|Any CPU.ActiveCfg = Release|Any CPU
		{4562FD2C-5AC8-47A9-A146-D944D9A3E042}.Release|Any CPU.Build.0 = Release|Any CPU
		{38801DB0-25E1-4D0F-8403-E43DD6BC9B46}.Debug|Any CPU.ActiveCfg = Debug|Any CPU
		{38801DB0-25E1-4D0F-8403-E43DD6BC9B46}.Debug|Any CPU.Build.0 = Debug|Any CPU
		{38801DB0-25E1-4D0F-8403-E43DD6BC9B46}.Release|Any CPU.ActiveCfg = Release|Any CPU
		{38801DB0-25E1-4D0F-8403-E43DD6BC9B46}.Release|Any CPU.Build.0 = Release|Any CPU
	EndGlobalSection
	GlobalSection(SolutionProperties) = preSolution
		HideSolutionNode = FALSE
	EndGlobalSection
	GlobalSection(ExtensibilityGlobals) = postSolution
		SolutionGuid = {F8C18691-6020-45A6-84D2-4E82F5C18272}
	EndGlobalSection
EndGlobal
